
Microsoft Visual Studio Solution File, Format Version 12.00
# Visual Studio Version 17
VisualStudioVersion = 17.11.35303.130
MinimumVisualStudioVersion = 10.0.40219.1
Project("{2150E333-8FDC-42A3-9474-1A3956D46DE8}") = "Task0", "Task0", "{E1DB2114-C633-4883-B241-E172A06F6513}"
EndProject
Project("{FAE04EC0-301F-11D3-BF4B-00C04F79EFBC}") = "Tyuiu.BilousEYu.Sprint1.Task0.V0", "Tyuiu.BilousEYu.Sprint1.Task0.V0\Tyuiu.BilousEYu.Sprint1.Task0.V0.csproj", "{B5D3D881-554C-4030-AB44-F3C702518743}"
EndProject
Project("{FAE04EC0-301F-11D3-BF4B-00C04F79EFBC}") = "Tyuiu.BilousEYu.Sprint1.Task0.V0.Lib", "Tyuiu.BilousEYu.Sprint1.Task0.V0.Lib\Tyuiu.BilousEYu.Sprint1.Task0.V0.Lib.csproj", "{96943AFE-3A9B-4E32-8D6A-7BEE3AC2AB06}"
EndProject
Project("{FAE04EC0-301F-11D3-BF4B-00C04F79EFBC}") = "Tyuiu.BilousEYu.Sprint1.Task0.V0.Test", "Tyuiu.BilousEYu.Sprint1.Task0.V0.Test\Tyuiu.BilousEYu.Sprint1.Task0.V0.Test.csproj", "{0F2892D8-9CA7-4281-986B-EF60C6D5649B}"
EndProject
Project("{2150E333-8FDC-42A3-9474-1A3956D46DE8}") = "Task0_V21", "Task0_V21", "{B9CF94A4-A970-4358-BAD4-F8B11F10D1F3}"
EndProject
Project("{FAE04EC0-301F-11D3-BF4B-00C04F79EFBC}") = "Tyuiu.BilousEYu.Sprint1.Task0.V21", "Tyuiu.BilousEYu.Sprint1.Tsk0.V21\Tyuiu.BilousEYu.Sprint1.Task0.V21.csproj", "{4055225B-FA54-499A-9793-803660DB4DFE}"
EndProject
Project("{FAE04EC0-301F-11D3-BF4B-00C04F79EFBC}") = "Tyuiu.BilousEYu.Sprint1.Task0.V21.Lib", "Tyuiu.BilousEYu.Sprint1.Task0.V21.Lib\Tyuiu.BilousEYu.Sprint1.Task0.V21.Lib.csproj", "{CAAB61DF-8706-4447-8A15-565FA646471F}"
EndProject
Project("{FAE04EC0-301F-11D3-BF4B-00C04F79EFBC}") = "Tyuiu.BilousEYu.Sprint1.Task0.V21.Test", "Tyuiu.BilousEYu.Sprint1.Task0.V21.Test\Tyuiu.BilousEYu.Sprint1.Task0.V21.Test.csproj", "{A7D2E8AB-D8E5-422B-8AD7-4BDB60F340C6}"
EndProject
Project("{2150E333-8FDC-42A3-9474-1A3956D46DE8}") = "Task1_V29", "Task1_V29", "{3CBCF7EB-2E17-4E9F-B1FE-7C85D48BAA8C}"
EndProject
Project("{FAE04EC0-301F-11D3-BF4B-00C04F79EFBC}") = "Tyuiu.BilousEYu.Sprint1.Task1.V29", "Tyuiu.BilousEYu.Sprint1.Task1.V29\Tyuiu.BilousEYu.Sprint1.Task1.V29.csproj", "{63010866-1989-4407-8FCB-1E3573DE83CF}"
EndProject
Project("{FAE04EC0-301F-11D3-BF4B-00C04F79EFBC}") = "Tyuiu.BilousEYu.Sprint1.Task1.V29.Lib", "Tyuiu.BilousEYu.Sprint1.Task1.V29.Lib\Tyuiu.BilousEYu.Sprint1.Task1.V29.Lib.csproj", "{0ABBDB8E-E842-4446-9C94-32779570B07D}"
EndProject
Project("{FAE04EC0-301F-11D3-BF4B-00C04F79EFBC}") = "Tyuiu.BilousEYu.Sprint1.Task1.V29.Test", "Tyuiu.BilousEYu.Sprint1.Task1.V29.Test\Tyuiu.BilousEYu.Sprint1.Task1.V29.Test.csproj", "{CCDC392B-AC57-4908-A629-ED52446FB1A0}"
EndProject
Project("{2150E333-8FDC-42A3-9474-1A3956D46DE8}") = "Task2_V28", "Task2_V28", "{2062F0CC-03B7-4F8C-84D4-42D5C1B95F48}"
EndProject
Project("{FAE04EC0-301F-11D3-BF4B-00C04F79EFBC}") = "Tyuiu.BilousEYu.Sprint1.Task2.V28", "Tyuiu.BilousEYu.Sprint1.Task2.V28\Tyuiu.BilousEYu.Sprint1.Task2.V28.csproj", "{7920B03F-1559-40D2-A0DB-5F47B42EE0E7}"
EndProject
Project("{FAE04EC0-301F-11D3-BF4B-00C04F79EFBC}") = "Tyuiu.BilousEYu.Sprint1.Task2.V28.Lib", "Tyuiu.BilousEYu.Sprint1.Task2.V28.Lib\Tyuiu.BilousEYu.Sprint1.Task2.V28.Lib.csproj", "{1DFE385A-B85D-480B-95AC-ABF69B2C2D47}"
EndProject
Project("{FAE04EC0-301F-11D3-BF4B-00C04F79EFBC}") = "Tyuiu.BilousEYu.Sprint1.Task2.V28.Test", "Tyuiu.BilousEYu.Sprint1.Task2.V28.Test\Tyuiu.BilousEYu.Sprint1.Task2.V28.Test.csproj", "{97D45771-A1DD-45BF-9D90-4BA733ABC1D1}"
EndProject
Project("{2150E333-8FDC-42A3-9474-1A3956D46DE8}") = "Task3_10", "Task3_10", "{58464B23-F6B0-4ED8-91D0-E824ECC18D6D}"
EndProject
Project("{FAE04EC0-301F-11D3-BF4B-00C04F79EFBC}") = "Tyuiu.BilousEYu.Sprint1.Task3.V10", "Tyuiu.BilousEYu.Sprint1.Task3.V10\Tyuiu.BilousEYu.Sprint1.Task3.V10.csproj", "{23581663-54B6-4841-8700-B8142C7B916B}"
EndProject
Project("{FAE04EC0-301F-11D3-BF4B-00C04F79EFBC}") = "Tyuiu.BilousEYu.Sprint1.Task3.V10.Lib", "Tyuiu.BilousEYu.Sprint1.Task3.V10.Lib\Tyuiu.BilousEYu.Sprint1.Task3.V10.Lib.csproj", "{5C513EE4-10DB-4F57-8038-5A476AA4A912}"
EndProject
Project("{FAE04EC0-301F-11D3-BF4B-00C04F79EFBC}") = "Tyuiu.BilousEYu.Sprint1.Task3.V10.Test", "Tyuiu.BilousEYu.Sprint1.Task3.V10.Test\Tyuiu.BilousEYu.Sprint1.Task3.V10.Test.csproj", "{89510521-2D2E-4967-9B52-55B7ACBD00B4}"
EndProject
Project("{2150E333-8FDC-42A3-9474-1A3956D46DE8}") = "Task4", "Task4", "{33C1E7D3-9FA6-45F6-BA15-9188A2367DBB}"
EndProject
Project("{FAE04EC0-301F-11D3-BF4B-00C04F79EFBC}") = "Tyuiu.BilousEYu.Sprint1.Task4.V6", "Tyuiu.BilousEYu.Sprint1.Task4.V6\Tyuiu.BilousEYu.Sprint1.Task4.V6.csproj", "{C180DE06-472B-45E2-A6C5-BE66309CC59E}"
EndProject
Project("{FAE04EC0-301F-11D3-BF4B-00C04F79EFBC}") = "Tyuiu.BilousEYu.Sprint1.Task4.V6.Lib", "Tyuiu.BilousEYu.Sprint1.Task4.V6.Lib\Tyuiu.BilousEYu.Sprint1.Task4.V6.Lib.csproj", "{661D7BA3-F4BB-478F-8A49-41341D900546}"
EndProject
Project("{FAE04EC0-301F-11D3-BF4B-00C04F79EFBC}") = "Tyuiu.BilousEYu.Sprint1.Task4.V6Test", "Tyuiu.BilousEYu.Sprint1.Task4.V6Test\Tyuiu.BilousEYu.Sprint1.Task4.V6Test.csproj", "{A0D946A9-79FC-4873-8D0E-7F7F673F72DB}"
EndProject
Project("{2150E333-8FDC-42A3-9474-1A3956D46DE8}") = "Task5", "Task5", "{721CEA05-5844-4DB4-A869-38548E5C88CC}"
EndProject
Project("{FAE04EC0-301F-11D3-BF4B-00C04F79EFBC}") = "Tyuiu.BilousEYu.Sprint1.Task5.V3", "Tyuiu.BilousEYu.Sprint1.Task5.V3\Tyuiu.BilousEYu.Sprint1.Task5.V3.csproj", "{AC0EC8F3-D5D8-4354-88B1-A01A59A2260F}"
EndProject
Project("{FAE04EC0-301F-11D3-BF4B-00C04F79EFBC}") = "Tyuiu.BilousEYu.Sprint1.Task5.V3.Lib", "Tyuiu.BilousEYu.Sprint1.Task5.V3.Lib\Tyuiu.BilousEYu.Sprint1.Task5.V3.Lib.csproj", "{00A081A2-3664-42FE-9088-0CB93CB90337}"
EndProject
Project("{FAE04EC0-301F-11D3-BF4B-00C04F79EFBC}") = "Tyuiu.BilousEYu.Sprint1.Task5.V3.Test", "Tyuiu.BilousEYu.Sprint1.Task5.V3.Test\Tyuiu.BilousEYu.Sprint1.Task5.V3.Test.csproj", "{2F92BECB-5277-4199-A561-4C3B920EC1EF}"
EndProject
Global
	GlobalSection(SolutionConfigurationPlatforms) = preSolution
		Debug|Any CPU = Debug|Any CPU
		Release|Any CPU = Release|Any CPU
	EndGlobalSection
	GlobalSection(ProjectConfigurationPlatforms) = postSolution
		{B5D3D881-554C-4030-AB44-F3C702518743}.Debug|Any CPU.ActiveCfg = Debug|Any CPU
		{B5D3D881-554C-4030-AB44-F3C702518743}.Debug|Any CPU.Build.0 = Debug|Any CPU
		{B5D3D881-554C-4030-AB44-F3C702518743}.Release|Any CPU.ActiveCfg = Release|Any CPU
		{B5D3D881-554C-4030-AB44-F3C702518743}.Release|Any CPU.Build.0 = Release|Any CPU
		{96943AFE-3A9B-4E32-8D6A-7BEE3AC2AB06}.Debug|Any CPU.ActiveCfg = Debug|Any CPU
		{96943AFE-3A9B-4E32-8D6A-7BEE3AC2AB06}.Debug|Any CPU.Build.0 = Debug|Any CPU
		{96943AFE-3A9B-4E32-8D6A-7BEE3AC2AB06}.Release|Any CPU.ActiveCfg = Release|Any CPU
		{96943AFE-3A9B-4E32-8D6A-7BEE3AC2AB06}.Release|Any CPU.Build.0 = Release|Any CPU
		{0F2892D8-9CA7-4281-986B-EF60C6D5649B}.Debug|Any CPU.ActiveCfg = Debug|Any CPU
		{0F2892D8-9CA7-4281-986B-EF60C6D5649B}.Debug|Any CPU.Build.0 = Debug|Any CPU
		{0F2892D8-9CA7-4281-986B-EF60C6D5649B}.Release|Any CPU.ActiveCfg = Release|Any CPU
		{0F2892D8-9CA7-4281-986B-EF60C6D5649B}.Release|Any CPU.Build.0 = Release|Any CPU
		{4055225B-FA54-499A-9793-803660DB4DFE}.Debug|Any CPU.ActiveCfg = Debug|Any CPU
		{4055225B-FA54-499A-9793-803660DB4DFE}.Debug|Any CPU.Build.0 = Debug|Any CPU
		{4055225B-FA54-499A-9793-803660DB4DFE}.Release|Any CPU.ActiveCfg = Release|Any CPU
		{4055225B-FA54-499A-9793-803660DB4DFE}.Release|Any CPU.Build.0 = Release|Any CPU
		{CAAB61DF-8706-4447-8A15-565FA646471F}.Debug|Any CPU.ActiveCfg = Debug|Any CPU
		{CAAB61DF-8706-4447-8A15-565FA646471F}.Debug|Any CPU.Build.0 = Debug|Any CPU
		{CAAB61DF-8706-4447-8A15-565FA646471F}.Release|Any CPU.ActiveCfg = Release|Any CPU
		{CAAB61DF-8706-4447-8A15-565FA646471F}.Release|Any CPU.Build.0 = Release|Any CPU
		{A7D2E8AB-D8E5-422B-8AD7-4BDB60F340C6}.Debug|Any CPU.ActiveCfg = Debug|Any CPU
		{A7D2E8AB-D8E5-422B-8AD7-4BDB60F340C6}.Debug|Any CPU.Build.0 = Debug|Any CPU
		{A7D2E8AB-D8E5-422B-8AD7-4BDB60F340C6}.Release|Any CPU.ActiveCfg = Release|Any CPU
		{A7D2E8AB-D8E5-422B-8AD7-4BDB60F340C6}.Release|Any CPU.Build.0 = Release|Any CPU
		{63010866-1989-4407-8FCB-1E3573DE83CF}.Debug|Any CPU.ActiveCfg = Debug|Any CPU
		{63010866-1989-4407-8FCB-1E3573DE83CF}.Debug|Any CPU.Build.0 = Debug|Any CPU
		{63010866-1989-4407-8FCB-1E3573DE83CF}.Release|Any CPU.ActiveCfg = Release|Any CPU
		{63010866-1989-4407-8FCB-1E3573DE83CF}.Release|Any CPU.Build.0 = Release|Any CPU
		{0ABBDB8E-E842-4446-9C94-32779570B07D}.Debug|Any CPU.ActiveCfg = Debug|Any CPU
		{0ABBDB8E-E842-4446-9C94-32779570B07D}.Debug|Any CPU.Build.0 = Debug|Any CPU
		{0ABBDB8E-E842-4446-9C94-32779570B07D}.Release|Any CPU.ActiveCfg = Release|Any CPU
		{0ABBDB8E-E842-4446-9C94-32779570B07D}.Release|Any CPU.Build.0 = Release|Any CPU
		{CCDC392B-AC57-4908-A629-ED52446FB1A0}.Debug|Any CPU.ActiveCfg = Debug|Any CPU
		{CCDC392B-AC57-4908-A629-ED52446FB1A0}.Debug|Any CPU.Build.0 = Debug|Any CPU
		{CCDC392B-AC57-4908-A629-ED52446FB1A0}.Release|Any CPU.ActiveCfg = Release|Any CPU
		{CCDC392B-AC57-4908-A629-ED52446FB1A0}.Release|Any CPU.Build.0 = Release|Any CPU
		{7920B03F-1559-40D2-A0DB-5F47B42EE0E7}.Debug|Any CPU.ActiveCfg = Debug|Any CPU
		{7920B03F-1559-40D2-A0DB-5F47B42EE0E7}.Debug|Any CPU.Build.0 = Debug|Any CPU
		{7920B03F-1559-40D2-A0DB-5F47B42EE0E7}.Release|Any CPU.ActiveCfg = Release|Any CPU
		{7920B03F-1559-40D2-A0DB-5F47B42EE0E7}.Release|Any CPU.Build.0 = Release|Any CPU
		{1DFE385A-B85D-480B-95AC-ABF69B2C2D47}.Debug|Any CPU.ActiveCfg = Debug|Any CPU
		{1DFE385A-B85D-480B-95AC-ABF69B2C2D47}.Debug|Any CPU.Build.0 = Debug|Any CPU
		{1DFE385A-B85D-480B-95AC-ABF69B2C2D47}.Release|Any CPU.ActiveCfg = Release|Any CPU
		{1DFE385A-B85D-480B-95AC-ABF69B2C2D47}.Release|Any CPU.Build.0 = Release|Any CPU
		{97D45771-A1DD-45BF-9D90-4BA733ABC1D1}.Debug|Any CPU.ActiveCfg = Debug|Any CPU
		{97D45771-A1DD-45BF-9D90-4BA733ABC1D1}.Debug|Any CPU.Build.0 = Debug|Any CPU
		{97D45771-A1DD-45BF-9D90-4BA733ABC1D1}.Release|Any CPU.ActiveCfg = Release|Any CPU
		{97D45771-A1DD-45BF-9D90-4BA733ABC1D1}.Release|Any CPU.Build.0 = Release|Any CPU
		{23581663-54B6-4841-8700-B8142C7B916B}.Debug|Any CPU.ActiveCfg = Debug|Any CPU
		{23581663-54B6-4841-8700-B8142C7B916B}.Debug|Any CPU.Build.0 = Debug|Any CPU
		{23581663-54B6-4841-8700-B8142C7B916B}.Release|Any CPU.ActiveCfg = Release|Any CPU
		{23581663-54B6-4841-8700-B8142C7B916B}.Release|Any CPU.Build.0 = Release|Any CPU
		{5C513EE4-10DB-4F57-8038-5A476AA4A912}.Debug|Any CPU.ActiveCfg = Debug|Any CPU
		{5C513EE4-10DB-4F57-8038-5A476AA4A912}.Debug|Any CPU.Build.0 = Debug|Any CPU
		{5C513EE4-10DB-4F57-8038-5A476AA4A912}.Release|Any CPU.ActiveCfg = Release|Any CPU
		{5C513EE4-10DB-4F57-8038-5A476AA4A912}.Release|Any CPU.Build.0 = Release|Any CPU
		{89510521-2D2E-4967-9B52-55B7ACBD00B4}.Debug|Any CPU.ActiveCfg = Debug|Any CPU
		{89510521-2D2E-4967-9B52-55B7ACBD00B4}.Debug|Any CPU.Build.0 = Debug|Any CPU
		{89510521-2D2E-4967-9B52-55B7ACBD00B4}.Release|Any CPU.ActiveCfg = Release|Any CPU
		{89510521-2D2E-4967-9B52-55B7ACBD00B4}.Release|Any CPU.Build.0 = Release|Any CPU
		{C180DE06-472B-45E2-A6C5-BE66309CC59E}.Debug|Any CPU.ActiveCfg = Debug|Any CPU
		{C180DE06-472B-45E2-A6C5-BE66309CC59E}.Debug|Any CPU.Build.0 = Debug|Any CPU
		{C180DE06-472B-45E2-A6C5-BE66309CC59E}.Release|Any CPU.ActiveCfg = Release|Any CPU
		{C180DE06-472B-45E2-A6C5-BE66309CC59E}.Release|Any CPU.Build.0 = Release|Any CPU
		{661D7BA3-F4BB-478F-8A49-41341D900546}.Debug|Any CPU.ActiveCfg = Debug|Any CPU
		{661D7BA3-F4BB-478F-8A49-41341D900546}.Debug|Any CPU.Build.0 = Debug|Any CPU
		{661D7BA3-F4BB-478F-8A49-41341D900546}.Release|Any CPU.ActiveCfg = Release|Any CPU
		{661D7BA3-F4BB-478F-8A49-41341D900546}.Release|Any CPU.Build.0 = Release|Any CPU
		{A0D946A9-79FC-4873-8D0E-7F7F673F72DB}.Debug|Any CPU.ActiveCfg = Debug|Any CPU
		{A0D946A9-79FC-4873-8D0E-7F7F673F72DB}.Debug|Any CPU.Build.0 = Debug|Any CPU
		{A0D946A9-79FC-4873-8D0E-7F7F673F72DB}.Release|Any CPU.ActiveCfg = Release|Any CPU
		{A0D946A9-79FC-4873-8D0E-7F7F673F72DB}.Release|Any CPU.Build.0 = Release|Any CPU
		{AC0EC8F3-D5D8-4354-88B1-A01A59A2260F}.Debug|Any CPU.ActiveCfg = Debug|Any CPU
		{AC0EC8F3-D5D8-4354-88B1-A01A59A2260F}.Debug|Any CPU.Build.0 = Debug|Any CPU
		{AC0EC8F3-D5D8-4354-88B1-A01A59A2260F}.Release|Any CPU.ActiveCfg = Release|Any CPU
		{AC0EC8F3-D5D8-4354-88B1-A01A59A2260F}.Release|Any CPU.Build.0 = Release|Any CPU
		{00A081A2-3664-42FE-9088-0CB93CB90337}.Debug|Any CPU.ActiveCfg = Debug|Any CPU
		{00A081A2-3664-42FE-9088-0CB93CB90337}.Debug|Any CPU.Build.0 = Debug|Any CPU
		{00A081A2-3664-42FE-9088-0CB93CB90337}.Release|Any CPU.ActiveCfg = Release|Any CPU
		{00A081A2-3664-42FE-9088-0CB93CB90337}.Release|Any CPU.Build.0 = Release|Any CPU
		{2F92BECB-5277-4199-A561-4C3B920EC1EF}.Debug|Any CPU.ActiveCfg = Debug|Any CPU
		{2F92BECB-5277-4199-A561-4C3B920EC1EF}.Debug|Any CPU.Build.0 = Debug|Any CPU
		{2F92BECB-5277-4199-A561-4C3B920EC1EF}.Release|Any CPU.ActiveCfg = Release|Any CPU
		{2F92BECB-5277-4199-A561-4C3B920EC1EF}.Release|Any CPU.Build.0 = Release|Any CPU
	EndGlobalSection
	GlobalSection(SolutionProperties) = preSolution
		HideSolutionNode = FALSE
	EndGlobalSection
	GlobalSection(NestedProjects) = preSolution
		{B5D3D881-554C-4030-AB44-F3C702518743} = {E1DB2114-C633-4883-B241-E172A06F6513}
		{96943AFE-3A9B-4E32-8D6A-7BEE3AC2AB06} = {E1DB2114-C633-4883-B241-E172A06F6513}
		{0F2892D8-9CA7-4281-986B-EF60C6D5649B} = {E1DB2114-C633-4883-B241-E172A06F6513}
		{4055225B-FA54-499A-9793-803660DB4DFE} = {B9CF94A4-A970-4358-BAD4-F8B11F10D1F3}
		{CAAB61DF-8706-4447-8A15-565FA646471F} = {B9CF94A4-A970-4358-BAD4-F8B11F10D1F3}
		{A7D2E8AB-D8E5-422B-8AD7-4BDB60F340C6} = {B9CF94A4-A970-4358-BAD4-F8B11F10D1F3}
		{63010866-1989-4407-8FCB-1E3573DE83CF} = {3CBCF7EB-2E17-4E9F-B1FE-7C85D48BAA8C}
		{0ABBDB8E-E842-4446-9C94-32779570B07D} = {3CBCF7EB-2E17-4E9F-B1FE-7C85D48BAA8C}
		{CCDC392B-AC57-4908-A629-ED52446FB1A0} = {3CBCF7EB-2E17-4E9F-B1FE-7C85D48BAA8C}
		{7920B03F-1559-40D2-A0DB-5F47B42EE0E7} = {2062F0CC-03B7-4F8C-84D4-42D5C1B95F48}
		{1DFE385A-B85D-480B-95AC-ABF69B2C2D47} = {2062F0CC-03B7-4F8C-84D4-42D5C1B95F48}
		{97D45771-A1DD-45BF-9D90-4BA733ABC1D1} = {2062F0CC-03B7-4F8C-84D4-42D5C1B95F48}
		{23581663-54B6-4841-8700-B8142C7B916B} = {58464B23-F6B0-4ED8-91D0-E824ECC18D6D}
		{5C513EE4-10DB-4F57-8038-5A476AA4A912} = {58464B23-F6B0-4ED8-91D0-E824ECC18D6D}
		{89510521-2D2E-4967-9B52-55B7ACBD00B4} = {58464B23-F6B0-4ED8-91D0-E824ECC18D6D}
		{C180DE06-472B-45E2-A6C5-BE66309CC59E} = {33C1E7D3-9FA6-45F6-BA15-9188A2367DBB}
		{661D7BA3-F4BB-478F-8A49-41341D900546} = {33C1E7D3-9FA6-45F6-BA15-9188A2367DBB}
		{A0D946A9-79FC-4873-8D0E-7F7F673F72DB} = {33C1E7D3-9FA6-45F6-BA15-9188A2367DBB}
		{AC0EC8F3-D5D8-4354-88B1-A01A59A2260F} = {721CEA05-5844-4DB4-A869-38548E5C88CC}
		{00A081A2-3664-42FE-9088-0CB93CB90337} = {721CEA05-5844-4DB4-A869-38548E5C88CC}
		{2F92BECB-5277-4199-A561-4C3B920EC1EF} = {721CEA05-5844-4DB4-A869-38548E5C88CC}
	EndGlobalSection
	GlobalSection(ExtensibilityGlobals) = postSolution
		SolutionGuid = {F253782B-70F2-4AFA-881B-A8FC80174FB4}
	EndGlobalSection
EndGlobal
